
Microsoft Visual Studio Solution File, Format Version 12.00
# Visual Studio 15
VisualStudioVersion = 15.0.27703.2042
MinimumVisualStudioVersion = 10.0.40219.1
Project("{FAE04EC0-301F-11D3-BF4B-00C04F79EFBC}") = "ThreeTierReview", "ThreeTierReview\ThreeTierReview.csproj", "{B3BF3C65-F22B-4B93-A558-2F7A52747607}"
EndProject
Global
	GlobalSection(SolutionConfigurationPlatforms) = preSolution
		Debug|Any CPU = Debug|Any CPU
		Release|Any CPU = Release|Any CPU
	EndGlobalSection
	GlobalSection(ProjectConfigurationPlatforms) = postSolution
		{B3BF3C65-F22B-4B93-A558-2F7A52747607}.Debug|Any CPU.ActiveCfg = Debug|Any CPU
		{B3BF3C65-F22B-4B93-A558-2F7A52747607}.Debug|Any CPU.Build.0 = Debug|Any CPU
		{B3BF3C65-F22B-4B93-A558-2F7A52747607}.Release|Any CPU.ActiveCfg = Release|Any CPU
		{B3BF3C65-F22B-4B93-A558-2F7A52747607}.Release|Any CPU.Build.0 = Release|Any CPU
	EndGlobalSection
	GlobalSection(SolutionProperties) = preSolution
		HideSolutionNode = FALSE
	EndGlobalSection
	GlobalSection(ExtensibilityGlobals) = postSolution
		SolutionGuid = {30B1A648-1C29-4EF1-B6CD-7DC6E93A4319}
	EndGlobalSection
EndGlobal
